// !$*UTF8*$!
{
	archiveVersion = 1;
	classes = {
	};
	objectVersion = 51;
	objects = {

/* Begin PBXBuildFile section */
		762811CB879964D29791B39C /* Pods_TodoList.framework in Frameworks */ = {isa = PBXBuildFile; fileRef = 48D745151197906AAD6335A8 /* Pods_TodoList.framework */; };
		D32911ED24FB5B9A002D62DE /* AppDelegate.swift in Sources */ = {isa = PBXBuildFile; fileRef = D32911EC24FB5B9A002D62DE /* AppDelegate.swift */; };
		D32911EF24FB5B9A002D62DE /* SceneDelegate.swift in Sources */ = {isa = PBXBuildFile; fileRef = D32911EE24FB5B9A002D62DE /* SceneDelegate.swift */; };
		D32911F424FB5B9A002D62DE /* Main.storyboard in Resources */ = {isa = PBXBuildFile; fileRef = D32911F224FB5B9A002D62DE /* Main.storyboard */; };
		D32911F624FB5BA1002D62DE /* Assets.xcassets in Resources */ = {isa = PBXBuildFile; fileRef = D32911F524FB5BA1002D62DE /* Assets.xcassets */; };
		D32911F924FB5BA1002D62DE /* LaunchScreen.storyboard in Resources */ = {isa = PBXBuildFile; fileRef = D32911F724FB5BA1002D62DE /* LaunchScreen.storyboard */; };
		D329120124FB5D8C002D62DE /* TableViewController.swift in Sources */ = {isa = PBXBuildFile; fileRef = D329120024FB5D8C002D62DE /* TableViewController.swift */; };
		D329120724FB5F71002D62DE /* AddViewController.swift in Sources */ = {isa = PBXBuildFile; fileRef = D329120624FB5F71002D62DE /* AddViewController.swift */; };
		D329120D24FB60AD002D62DE /* pencil.png in Resources */ = {isa = PBXBuildFile; fileRef = D329120A24FB60AD002D62DE /* pencil.png */; };
		D329120E24FB60AD002D62DE /* cart.png in Resources */ = {isa = PBXBuildFile; fileRef = D329120B24FB60AD002D62DE /* cart.png */; };
		D329120F24FB60AD002D62DE /* clock.png in Resources */ = {isa = PBXBuildFile; fileRef = D329120C24FB60AD002D62DE /* clock.png */; };
		D329121124FB6F98002D62DE /* GoogleService-Info.plist in Resources */ = {isa = PBXBuildFile; fileRef = D329121024FB6F97002D62DE /* GoogleService-Info.plist */; };
/* End PBXBuildFile section */

/* Begin PBXFileReference section */
		25BE3CA859B6BFDA3155E123 /* Pods-TodoList.release.xcconfig */ = {isa = PBXFileReference; includeInIndex = 1; lastKnownFileType = text.xcconfig; name = "Pods-TodoList.release.xcconfig"; path = "Target Support Files/Pods-TodoList/Pods-TodoList.release.xcconfig"; sourceTree = "<group>"; };
		48D745151197906AAD6335A8 /* Pods_TodoList.framework */ = {isa = PBXFileReference; explicitFileType = wrapper.framework; includeInIndex = 0; path = Pods_TodoList.framework; sourceTree = BUILT_PRODUCTS_DIR; };
		561236D999D443E96A9FCF0D /* Pods-TodoList.debug.xcconfig */ = {isa = PBXFileReference; includeInIndex = 1; lastKnownFileType = text.xcconfig; name = "Pods-TodoList.debug.xcconfig"; path = "Target Support Files/Pods-TodoList/Pods-TodoList.debug.xcconfig"; sourceTree = "<group>"; };
		D32911E924FB5B9A002D62DE /* TodoList.app */ = {isa = PBXFileReference; explicitFileType = wrapper.application; includeInIndex = 0; path = TodoList.app; sourceTree = BUILT_PRODUCTS_DIR; };
		D32911EC24FB5B9A002D62DE /* AppDelegate.swift */ = {isa = PBXFileReference; lastKnownFileType = sourcecode.swift; path = AppDelegate.swift; sourceTree = "<group>"; };
		D32911EE24FB5B9A002D62DE /* SceneDelegate.swift */ = {isa = PBXFileReference; lastKnownFileType = sourcecode.swift; path = SceneDelegate.swift; sourceTree = "<group>"; };
		D32911F324FB5B9A002D62DE /* Base */ = {isa = PBXFileReference; lastKnownFileType = file.storyboard; name = Base; path = Base.lproj/Main.storyboard; sourceTree = "<group>"; };
		D32911F524FB5BA1002D62DE /* Assets.xcassets */ = {isa = PBXFileReference; lastKnownFileType = folder.assetcatalog; path = Assets.xcassets; sourceTree = "<group>"; };
		D32911F824FB5BA1002D62DE /* Base */ = {isa = PBXFileReference; lastKnownFileType = file.storyboard; name = Base; path = Base.lproj/LaunchScreen.storyboard; sourceTree = "<group>"; };
		D32911FA24FB5BA1002D62DE /* Info.plist */ = {isa = PBXFileReference; lastKnownFileType = text.plist.xml; path = Info.plist; sourceTree = "<group>"; };
		D329120024FB5D8C002D62DE /* TableViewController.swift */ = {isa = PBXFileReference; lastKnownFileType = sourcecode.swift; path = TableViewController.swift; sourceTree = "<group>"; };
		D329120624FB5F71002D62DE /* AddViewController.swift */ = {isa = PBXFileReference; lastKnownFileType = sourcecode.swift; path = AddViewController.swift; sourceTree = "<group>"; };
		D329120A24FB60AD002D62DE /* pencil.png */ = {isa = PBXFileReference; lastKnownFileType = image.png; path = pencil.png; sourceTree = "<group>"; };
		D329120B24FB60AD002D62DE /* cart.png */ = {isa = PBXFileReference; lastKnownFileType = image.png; path = cart.png; sourceTree = "<group>"; };
		D329120C24FB60AD002D62DE /* clock.png */ = {isa = PBXFileReference; lastKnownFileType = image.png; path = clock.png; sourceTree = "<group>"; };
		D329121024FB6F97002D62DE /* GoogleService-Info.plist */ = {isa = PBXFileReference; fileEncoding = 4; lastKnownFileType = text.plist.xml; path = "GoogleService-Info.plist"; sourceTree = "<group>"; };
/* End PBXFileReference section */

/* Begin PBXFrameworksBuildPhase section */
		D32911E624FB5B9A002D62DE /* Frameworks */ = {
			isa = PBXFrameworksBuildPhase;
			buildActionMask = 2147483647;
			files = (
				762811CB879964D29791B39C /* Pods_TodoList.framework in Frameworks */,
			);
			runOnlyForDeploymentPostprocessing = 0;
		};
/* End PBXFrameworksBuildPhase section */

/* Begin PBXGroup section */
		AA82FF82A82CF7BB82545C4F /* Frameworks */ = {
			isa = PBXGroup;
			children = (
				48D745151197906AAD6335A8 /* Pods_TodoList.framework */,
			);
			name = Frameworks;
			sourceTree = "<group>";
		};
		B9E3C49340C70C2575891A11 /* Pods */ = {
			isa = PBXGroup;
			children = (
				561236D999D443E96A9FCF0D /* Pods-TodoList.debug.xcconfig */,
				25BE3CA859B6BFDA3155E123 /* Pods-TodoList.release.xcconfig */,
			);
			path = Pods;
			sourceTree = "<group>";
		};
		D32911E024FB5B9A002D62DE = {
			isa = PBXGroup;
			children = (
				D32911EB24FB5B9A002D62DE /* TodoList */,
				D32911EA24FB5B9A002D62DE /* Products */,
				B9E3C49340C70C2575891A11 /* Pods */,
				AA82FF82A82CF7BB82545C4F /* Frameworks */,
			);
			sourceTree = "<group>";
		};
		D32911EA24FB5B9A002D62DE /* Products */ = {
			isa = PBXGroup;
			children = (
				D32911E924FB5B9A002D62DE /* TodoList.app */,
			);
			name = Products;
			sourceTree = "<group>";
		};
		D32911EB24FB5B9A002D62DE /* TodoList */ = {
			isa = PBXGroup;
			children = (
				D329121024FB6F97002D62DE /* GoogleService-Info.plist */,
				D329120B24FB60AD002D62DE /* cart.png */,
				D329120C24FB60AD002D62DE /* clock.png */,
				D329120A24FB60AD002D62DE /* pencil.png */,
				D32911EC24FB5B9A002D62DE /* AppDelegate.swift */,
				D32911EE24FB5B9A002D62DE /* SceneDelegate.swift */,
				D32911F224FB5B9A002D62DE /* Main.storyboard */,
				D32911F524FB5BA1002D62DE /* Assets.xcassets */,
				D32911F724FB5BA1002D62DE /* LaunchScreen.storyboard */,
				D32911FA24FB5BA1002D62DE /* Info.plist */,
				D329120024FB5D8C002D62DE /* TableViewController.swift */,
				D329120624FB5F71002D62DE /* AddViewController.swift */,
			);
			path = TodoList;
			sourceTree = "<group>";
		};
/* End PBXGroup section */

/* Begin PBXNativeTarget section */
		D32911E824FB5B9A002D62DE /* TodoList */ = {
			isa = PBXNativeTarget;
			buildConfigurationList = D32911FD24FB5BA1002D62DE /* Build configuration list for PBXNativeTarget "TodoList" */;
			buildPhases = (
				1AE6732B9A6D2C8A7170B402 /* [CP] Check Pods Manifest.lock */,
				D32911E524FB5B9A002D62DE /* Sources */,
				D32911E624FB5B9A002D62DE /* Frameworks */,
				D32911E724FB5B9A002D62DE /* Resources */,
				09B4532EC3B3AC4A50DC5943 /* [CP] Embed Pods Frameworks */,
			);
			buildRules = (
			);
			dependencies = (
			);
			name = TodoList;
			productName = TodoList;
			productReference = D32911E924FB5B9A002D62DE /* TodoList.app */;
			productType = "com.apple.product-type.application";
		};
/* End PBXNativeTarget section */

/* Begin PBXProject section */
		D32911E124FB5B9A002D62DE /* Project object */ = {
			isa = PBXProject;
			attributes = {
				LastSwiftUpdateCheck = 1150;
				LastUpgradeCheck = 1150;
				ORGANIZATIONNAME = Yoochan;
				TargetAttributes = {
					D32911E824FB5B9A002D62DE = {
						CreatedOnToolsVersion = 11.5;
					};
				};
			};
			buildConfigurationList = D32911E424FB5B9A002D62DE /* Build configuration list for PBXProject "TodoList" */;
			compatibilityVersion = "Xcode 9.3";
			developmentRegion = en;
			hasScannedForEncodings = 0;
			knownRegions = (
				en,
				Base,
			);
			mainGroup = D32911E024FB5B9A002D62DE;
			productRefGroup = D32911EA24FB5B9A002D62DE /* Products */;
			projectDirPath = "";
			projectRoot = "";
			targets = (
				D32911E824FB5B9A002D62DE /* TodoList */,
			);
		};
/* End PBXProject section */

/* Begin PBXResourcesBuildPhase section */
		D32911E724FB5B9A002D62DE /* Resources */ = {
			isa = PBXResourcesBuildPhase;
			buildActionMask = 2147483647;
			files = (
				D329120F24FB60AD002D62DE /* clock.png in Resources */,
				D329120D24FB60AD002D62DE /* pencil.png in Resources */,
				D329120E24FB60AD002D62DE /* cart.png in Resources */,
				D32911F924FB5BA1002D62DE /* LaunchScreen.storyboard in Resources */,
				D32911F624FB5BA1002D62DE /* Assets.xcassets in Resources */,
				D32911F424FB5B9A002D62DE /* Main.storyboard in Resources */,
				D329121124FB6F98002D62DE /* GoogleService-Info.plist in Resources */,
			);
			runOnlyForDeploymentPostprocessing = 0;
		};
/* End PBXResourcesBuildPhase section */

/* Begin PBXShellScriptBuildPhase section */
		09B4532EC3B3AC4A50DC5943 /* [CP] Embed Pods Frameworks */ = {
			isa = PBXShellScriptBuildPhase;
			buildActionMask = 2147483647;
			files = (
			);
			inputFileListPaths = (
				"${PODS_ROOT}/Target Support Files/Pods-TodoList/Pods-TodoList-frameworks-${CONFIGURATION}-input-files.xcfilelist",
			);
			name = "[CP] Embed Pods Frameworks";
			outputFileListPaths = (
				"${PODS_ROOT}/Target Support Files/Pods-TodoList/Pods-TodoList-frameworks-${CONFIGURATION}-output-files.xcfilelist",
			);
			runOnlyForDeploymentPostprocessing = 0;
			shellPath = /bin/sh;
			shellScript = "\"${PODS_ROOT}/Target Support Files/Pods-TodoList/Pods-TodoList-frameworks.sh\"\n";
			showEnvVarsInLog = 0;
		};
		1AE6732B9A6D2C8A7170B402 /* [CP] Check Pods Manifest.lock */ = {
			isa = PBXShellScriptBuildPhase;
			buildActionMask = 2147483647;
			files = (
			);
			inputFileListPaths = (
			);
			inputPaths = (
				"${PODS_PODFILE_DIR_PATH}/Podfile.lock",
				"${PODS_ROOT}/Manifest.lock",
			);
			name = "[CP] Check Pods Manifest.lock";
			outputFileListPaths = (
			);
			outputPaths = (
				"$(DERIVED_FILE_DIR)/Pods-TodoList-checkManifestLockResult.txt",
			);
			runOnlyForDeploymentPostprocessing = 0;
			shellPath = /bin/sh;
			shellScript = "diff \"${PODS_PODFILE_DIR_PATH}/Podfile.lock\" \"${PODS_ROOT}/Manifest.lock\" > /dev/null\nif [ $? != 0 ] ; then\n    # print error to STDERR\n    echo \"error: The sandbox is not in sync with the Podfile.lock. Run 'pod install' or update your CocoaPods installation.\" >&2\n    exit 1\nfi\n# This output is used by Xcode 'outputs' to avoid re-running this script phase.\necho \"SUCCESS\" > \"${SCRIPT_OUTPUT_FILE_0}\"\n";
			showEnvVarsInLog = 0;
		};
/* End PBXShellScriptBuildPhase section */

/* Begin PBXSourcesBuildPhase section */
		D32911E524FB5B9A002D62DE /* Sources */ = {
			isa = PBXSourcesBuildPhase;
			buildActionMask = 2147483647;
			files = (
				D32911ED24FB5B9A002D62DE /* AppDelegate.swift in Sources */,
				D329120124FB5D8C002D62DE /* TableViewController.swift in Sources */,
				D329120724FB5F71002D62DE /* AddViewController.swift in Sources */,
				D32911EF24FB5B9A002D62DE /* SceneDelegate.swift in Sources */,
			);
			runOnlyForDeploymentPostprocessing = 0;
		};
/* End PBXSourcesBuildPhase section */

/* Begin PBXVariantGroup section */
		D32911F224FB5B9A002D62DE /* Main.storyboard */ = {
			isa = PBXVariantGroup;
			children = (
				D32911F324FB5B9A002D62DE /* Base */,
			);
			name = Main.storyboard;
			sourceTree = "<group>";
		};
		D32911F724FB5BA1002D62DE /* LaunchScreen.storyboard */ = {
			isa = PBXVariantGroup;
			children = (
				D32911F824FB5BA1002D62DE /* Base */,
			);
			name = LaunchScreen.storyboard;
			sourceTree = "<group>";
		};
/* End PBXVariantGroup section */

/* Begin XCBuildConfiguration section */
		D32911FB24FB5BA1002D62DE /* Debug */ = {
			isa = XCBuildConfiguration;
			buildSettings = {
				ALWAYS_SEARCH_USER_PATHS = NO;
				CLANG_ANALYZER_NONNULL = YES;
				CLANG_ANALYZER_NUMBER_OBJECT_CONVERSION = YES_AGGRESSIVE;
				CLANG_CXX_LANGUAGE_STANDARD = "gnu++14";
				CLANG_CXX_LIBRARY = "libc++";
				CLANG_ENABLE_MODULES = YES;
				CLANG_ENABLE_OBJC_ARC = YES;
				CLANG_ENABLE_OBJC_WEAK = YES;
				CLANG_WARN_BLOCK_CAPTURE_AUTORELEASING = YES;
				CLANG_WARN_BOOL_CONVERSION = YES;
				CLANG_WARN_COMMA = YES;
				CLANG_WARN_CONSTANT_CONVERSION = YES;
				CLANG_WARN_DEPRECATED_OBJC_IMPLEMENTATIONS = YES;
				CLANG_WARN_DIRECT_OBJC_ISA_USAGE = YES_ERROR;
				CLANG_WARN_DOCUMENTATION_COMMENTS = YES;
				CLANG_WARN_EMPTY_BODY = YES;
				CLANG_WARN_ENUM_CONVERSION = YES;
				CLANG_WARN_INFINITE_RECURSION = YES;
				CLANG_WARN_INT_CONVERSION = YES;
				CLANG_WARN_NON_LITERAL_NULL_CONVERSION = YES;
				CLANG_WARN_OBJC_IMPLICIT_RETAIN_SELF = YES;
				CLANG_WARN_OBJC_LITERAL_CONVERSION = YES;
				CLANG_WARN_OBJC_ROOT_CLASS = YES_ERROR;
				CLANG_WARN_RANGE_LOOP_ANALYSIS = YES;
				CLANG_WARN_STRICT_PROTOTYPES = YES;
				CLANG_WARN_SUSPICIOUS_MOVE = YES;
				CLANG_WARN_UNGUARDED_AVAILABILITY = YES_AGGRESSIVE;
				CLANG_WARN_UNREACHABLE_CODE = YES;
				CLANG_WARN__DUPLICATE_METHOD_MATCH = YES;
				COPY_PHASE_STRIP = NO;
				DEBUG_INFORMATION_FORMAT = dwarf;
				ENABLE_STRICT_OBJC_MSGSEND = YES;
				ENABLE_TESTABILITY = YES;
				GCC_C_LANGUAGE_STANDARD = gnu11;
				GCC_DYNAMIC_NO_PIC = NO;
				GCC_NO_COMMON_BLOCKS = YES;
				GCC_OPTIMIZATION_LEVEL = 0;
				GCC_PREPROCESSOR_DEFINITIONS = (
					"DEBUG=1",
					"$(inherited)",
				);
				GCC_WARN_64_TO_32_BIT_CONVERSION = YES;
				GCC_WARN_ABOUT_RETURN_TYPE = YES_ERROR;
				GCC_WARN_UNDECLARED_SELECTOR = YES;
				GCC_WARN_UNINITIALIZED_AUTOS = YES_AGGRESSIVE;
				GCC_WARN_UNUSED_FUNCTION = YES;
				GCC_WARN_UNUSED_VARIABLE = YES;
				IPHONEOS_DEPLOYMENT_TARGET = 13.5;
				MTL_ENABLE_DEBUG_INFO = INCLUDE_SOURCE;
				MTL_FAST_MATH = YES;
				ONLY_ACTIVE_ARCH = YES;
				SDKROOT = iphoneos;
				SWIFT_ACTIVE_COMPILATION_CONDITIONS = DEBUG;
				SWIFT_OPTIMIZATION_LEVEL = "-Onone";
			};
			name = Debug;
		};
		D32911FC24FB5BA1002D62DE /* Release */ = {
			isa = XCBuildConfiguration;
			buildSettings = {
				ALWAYS_SEARCH_USER_PATHS = NO;
				CLANG_ANALYZER_NONNULL = YES;
				CLANG_ANALYZER_NUMBER_OBJECT_CONVERSION = YES_AGGRESSIVE;
				CLANG_CXX_LANGUAGE_STANDARD = "gnu++14";
				CLANG_CXX_LIBRARY = "libc++";
				CLANG_ENABLE_MODULES = YES;
				CLANG_ENABLE_OBJC_ARC = YES;
				CLANG_ENABLE_OBJC_WEAK = YES;
				CLANG_WARN_BLOCK_CAPTURE_AUTORELEASING = YES;
				CLANG_WARN_BOOL_CONVERSION = YES;
				CLANG_WARN_COMMA = YES;
				CLANG_WARN_CONSTANT_CONVERSION = YES;
				CLANG_WARN_DEPRECATED_OBJC_IMPLEMENTATIONS = YES;
				CLANG_WARN_DIRECT_OBJC_ISA_USAGE = YES_ERROR;
				CLANG_WARN_DOCUMENTATION_COMMENTS = YES;
				CLANG_WARN_EMPTY_BODY = YES;
				CLANG_WARN_ENUM_CONVERSION = YES;
				CLANG_WARN_INFINITE_RECURSION = YES;
				CLANG_WARN_INT_CONVERSION = YES;
				CLANG_WARN_NON_LITERAL_NULL_CONVERSION = YES;
				CLANG_WARN_OBJC_IMPLICIT_RETAIN_SELF = YES;
				CLANG_WARN_OBJC_LITERAL_CONVERSION = YES;
				CLANG_WARN_OBJC_ROOT_CLASS = YES_ERROR;
				CLANG_WARN_RANGE_LOOP_ANALYSIS = YES;
				CLANG_WARN_STRICT_PROTOTYPES = YES;
				CLANG_WARN_SUSPICIOUS_MOVE = YES;
				CLANG_WARN_UNGUARDED_AVAILABILITY = YES_AGGRESSIVE;
				CLANG_WARN_UNREACHABLE_CODE = YES;
				CLANG_WARN__DUPLICATE_METHOD_MATCH = YES;
				COPY_PHASE_STRIP = NO;
				DEBUG_INFORMATION_FORMAT = "dwarf-with-dsym";
				ENABLE_NS_ASSERTIONS = NO;
				ENABLE_STRICT_OBJC_MSGSEND = YES;
				GCC_C_LANGUAGE_STANDARD = gnu11;
				GCC_NO_COMMON_BLOCKS = YES;
				GCC_WARN_64_TO_32_BIT_CONVERSION = YES;
				GCC_WARN_ABOUT_RETURN_TYPE = YES_ERROR;
				GCC_WARN_UNDECLARED_SELECTOR = YES;
				GCC_WARN_UNINITIALIZED_AUTOS = YES_AGGRESSIVE;
				GCC_WARN_UNUSED_FUNCTION = YES;
				GCC_WARN_UNUSED_VARIABLE = YES;
				IPHONEOS_DEPLOYMENT_TARGET = 13.5;
				MTL_ENABLE_DEBUG_INFO = NO;
				MTL_FAST_MATH = YES;
				SDKROOT = iphoneos;
				SWIFT_COMPILATION_MODE = wholemodule;
				SWIFT_OPTIMIZATION_LEVEL = "-O";
				VALIDATE_PRODUCT = YES;
			};
			name = Release;
		};
		D32911FE24FB5BA1002D62DE /* Debug */ = {
			isa = XCBuildConfiguration;
			baseConfigurationReference = 561236D999D443E96A9FCF0D /* Pods-TodoList.debug.xcconfig */;
			buildSettings = {
				ASSETCATALOG_COMPILER_APPICON_NAME = AppIcon;
				CODE_SIGN_STYLE = Automatic;
				INFOPLIST_FILE = TodoList/Info.plist;
				LD_RUNPATH_SEARCH_PATHS = (
					"$(inherited)",
					"@executable_path/Frameworks",
				);
				PRODUCT_BUNDLE_IDENTIFIER = "com.stdalp-dev.TodoList";
				PRODUCT_NAME = "$(TARGET_NAME)";
				SWIFT_VERSION = 5.0;
				TARGETED_DEVICE_FAMILY = "1,2";
			};
			name = Debug;
		};
		D32911FF24FB5BA1002D62DE /* Release */ = {
			isa = XCBuildConfiguration;
			baseConfigurationReference = 25BE3CA859B6BFDA3155E123 /* Pods-TodoList.release.xcconfig */;
			buildSettings = {
				ASSETCATALOG_COMPILER_APPICON_NAME = AppIcon;
				CODE_SIGN_STYLE = Automatic;
				INFOPLIST_FILE = TodoList/Info.plist;
				LD_RUNPATH_SEARCH_PATHS = (
					"$(inherited)",
					"@executable_path/Frameworks",
				);
				PRODUCT_BUNDLE_IDENTIFIER = "com.stdalp-dev.TodoList";
				PRODUCT_NAME = "$(TARGET_NAME)";
				SWIFT_VERSION = 5.0;
				TARGETED_DEVICE_FAMILY = "1,2";
			};
			name = Release;
		};
/* End XCBuildConfiguration section */

/* Begin XCConfigurationList section */
		D32911E424FB5B9A002D62DE /* Build configuration list for PBXProject "TodoList" */ = {
			isa = XCConfigurationList;
			buildConfigurations = (
				D32911FB24FB5BA1002D62DE /* Debug */,
				D32911FC24FB5BA1002D62DE /* Release */,
			);
			defaultConfigurationIsVisible = 0;
			defaultConfigurationName = Release;
		};
		D32911FD24FB5BA1002D62DE /* Build configuration list for PBXNativeTarget "TodoList" */ = {
			isa = XCConfigurationList;
			buildConfigurations = (
				D32911FE24FB5BA1002D62DE /* Debug */,
				D32911FF24FB5BA1002D62DE /* Release */,
			);
			defaultConfigurationIsVisible = 0;
			defaultConfigurationName = Release;
		};
/* End XCConfigurationList section */
	};
	rootObject = D32911E124FB5B9A002D62DE /* Project object */;
}
